
Microsoft Visual Studio Solution File, Format Version 12.00
# Visual Studio 15
VisualStudioVersion = 15.0.26020.0
MinimumVisualStudioVersion = 10.0.40219.1
Project("{FAE04EC0-301F-11D3-BF4B-00C04F79EFBC}") = "StringFormatter", "StringFormatter\StringFormatter.csproj", "{7975BAA2-8D7A-4510-BF73-22491A43C6ED}"
EndProject
Project("{FAE04EC0-301F-11D3-BF4B-00C04F79EFBC}") = "Test", "Test\Test.csproj", "{25E6199B-0E66-4553-91EB-27812D954870}"
EndProject
Global
	GlobalSection(SolutionConfigurationPlatforms) = preSolution
		Debug|Any CPU = Debug|Any CPU
		Debug|x64 = Debug|x64
		Debug|x86 = Debug|x86
		Release|Any CPU = Release|Any CPU
		Release|x64 = Release|x64
		Release|x86 = Release|x86
	EndGlobalSection
	GlobalSection(ProjectConfigurationPlatforms) = postSolution
		{7975BAA2-8D7A-4510-BF73-22491A43C6ED}.Debug|Any CPU.ActiveCfg = Debug|Any CPU
		{7975BAA2-8D7A-4510-BF73-22491A43C6ED}.Debug|Any CPU.Build.0 = Debug|Any CPU
		{7975BAA2-8D7A-4510-BF73-22491A43C6ED}.Debug|x64.ActiveCfg = Debug|x64
		{7975BAA2-8D7A-4510-BF73-22491A43C6ED}.Debug|x64.Build.0 = Debug|x64
		{7975BAA2-8D7A-4510-BF73-22491A43C6ED}.Debug|x86.ActiveCfg = Debug|x86
		{7975BAA2-8D7A-4510-BF73-22491A43C6ED}.Debug|x86.Build.0 = Debug|x86
		{7975BAA2-8D7A-4510-BF73-22491A43C6ED}.Release|Any CPU.ActiveCfg = Release|Any CPU
		{7975BAA2-8D7A-4510-BF73-22491A43C6ED}.Release|Any CPU.Build.0 = Release|Any CPU
		{7975BAA2-8D7A-4510-BF73-22491A43C6ED}.Release|x64.ActiveCfg = Release|x64
		{7975BAA2-8D7A-4510-BF73-22491A43C6ED}.Release|x64.Build.0 = Release|x64
		{7975BAA2-8D7A-4510-BF73-22491A43C6ED}.Release|x86.ActiveCfg = Release|x86
		{7975BAA2-8D7A-4510-BF73-22491A43C6ED}.Release|x86.Build.0 = Release|x86
		{25E6199B-0E66-4553-91EB-27812D954870}.Debug|Any CPU.ActiveCfg = Debug|Any CPU
		{25E6199B-0E66-4553-91EB-27812D954870}.Debug|Any CPU.Build.0 = Debug|Any CPU
		{25E6199B-0E66-4553-91EB-27812D954870}.Debug|x64.ActiveCfg = Debug|x64
		{25E6199B-0E66-4553-91EB-27812D954870}.Debug|x64.Build.0 = Debug|x64
		{25E6199B-0E66-4553-91EB-27812D954870}.Debug|x86.ActiveCfg = Debug|x86
		{25E6199B-0E66-4553-91EB-27812D954870}.Debug|x86.Build.0 = Debug|x86
		{25E6199B-0E66-4553-91EB-27812D954870}.Release|Any CPU.ActiveCfg = Release|Any CPU
		{25E6199B-0E66-4553-91EB-27812D954870}.Release|Any CPU.Build.0 = Release|Any CPU
		{25E6199B-0E66-4553-91EB-27812D954870}.Release|x64.ActiveCfg = Release|x64
		{25E6199B-0E66-4553-91EB-27812D954870}.Release|x64.Build.0 = Release|x64
		{25E6199B-0E66-4553-91EB-27812D954870}.Release|x86.ActiveCfg = Release|x86
		{25E6199B-0E66-4553-91EB-27812D954870}.Release|x86.Build.0 = Release|x86
	EndGlobalSection
	GlobalSection(SolutionProperties) = preSolution
		HideSolutionNode = FALSE
	EndGlobalSection
EndGlobal
